
Microsoft Visual Studio Solution File, Format Version 12.00
# Visual Studio 15
VisualStudioVersion = 15.0.27130.2027
MinimumVisualStudioVersion = 10.0.40219.1
Project("{8BC9CEB8-8B4A-11D0-8D11-00A0C91BC942}") = "WindowsProject1", "WindowsProject1\WindowsProject1.vcxproj", "{0911BDCA-ED7F-4BE4-9E82-50ED78B49840}"
EndProject
Global
	GlobalSection(SolutionConfigurationPlatforms) = preSolution
		Debug|x64 = Debug|x64
		Debug|x86 = Debug|x86
		Release|x64 = Release|x64
		Release|x86 = Release|x86
	EndGlobalSection
	GlobalSection(ProjectConfigurationPlatforms) = postSolution
		{0911BDCA-ED7F-4BE4-9E82-50ED78B49840}.Debug|x64.ActiveCfg = Debug|x64
		{0911BDCA-ED7F-4BE4-9E82-50ED78B49840}.Debug|x64.Build.0 = Debug|x64
		{0911BDCA-ED7F-4BE4-9E82-50ED78B49840}.Debug|x86.ActiveCfg = Debug|Win32
		{0911BDCA-ED7F-4BE4-9E82-50ED78B49840}.Debug|x86.Build.0 = Debug|Win32
		{0911BDCA-ED7F-4BE4-9E82-50ED78B49840}.Release|x64.ActiveCfg = Release|x64
		{0911BDCA-ED7F-4BE4-9E82-50ED78B49840}.Release|x64.Build.0 = Release|x64
		{0911BDCA-ED7F-4BE4-9E82-50ED78B49840}.Release|x86.ActiveCfg = Release|Win32
		{0911BDCA-ED7F-4BE4-9E82-50ED78B49840}.Release|x86.Build.0 = Release|Win32
	EndGlobalSection
	GlobalSection(SolutionProperties) = preSolution
		HideSolutionNode = FALSE
	EndGlobalSection
	GlobalSection(ExtensibilityGlobals) = postSolution
		SolutionGuid = {F86D48A1-8C38-46E5-AF89-BF136D7A77FA}
	EndGlobalSection
EndGlobal
